
Microsoft Visual Studio Solution File, Format Version 12.00
Project("{FAE04EC0-301F-11D3-BF4B-00C04F79EFBC}") = "Twitter", "Twitter\Twitter.csproj", "{3496E8C8-04D6-4958-AB7B-5EE2AD500ED2}"
EndProject
Project("{FAE04EC0-301F-11D3-BF4B-00C04F79EFBC}") = "Backend", "Backend\Backend.csproj", "{FA7F6D06-0BCF-4050-B418-6B86C3CEBC8E}"
EndProject
Project("{2150E333-8FDC-42A3-9474-1A3956D46DE8}") = "Solution Items", "Solution Items", "{64E6BA76-BDE7-4532-848E-28A97BABD15A}"
	ProjectSection(SolutionItems) = preProject
		compose.yaml = compose.yaml
	EndProjectSection
EndProject
Global
	GlobalSection(SolutionConfigurationPlatforms) = preSolution
		Debug|Any CPU = Debug|Any CPU
		Release|Any CPU = Release|Any CPU
	EndGlobalSection
	GlobalSection(ProjectConfigurationPlatforms) = postSolution
		{3496E8C8-04D6-4958-AB7B-5EE2AD500ED2}.Debug|Any CPU.ActiveCfg = Debug|Any CPU
		{3496E8C8-04D6-4958-AB7B-5EE2AD500ED2}.Debug|Any CPU.Build.0 = Debug|Any CPU
		{3496E8C8-04D6-4958-AB7B-5EE2AD500ED2}.Release|Any CPU.ActiveCfg = Release|Any CPU
		{3496E8C8-04D6-4958-AB7B-5EE2AD500ED2}.Release|Any CPU.Build.0 = Release|Any CPU
		{FA7F6D06-0BCF-4050-B418-6B86C3CEBC8E}.Debug|Any CPU.ActiveCfg = Debug|Any CPU
		{FA7F6D06-0BCF-4050-B418-6B86C3CEBC8E}.Debug|Any CPU.Build.0 = Debug|Any CPU
		{FA7F6D06-0BCF-4050-B418-6B86C3CEBC8E}.Release|Any CPU.ActiveCfg = Release|Any CPU
		{FA7F6D06-0BCF-4050-B418-6B86C3CEBC8E}.Release|Any CPU.Build.0 = Release|Any CPU
	EndGlobalSection
EndGlobal
